
Microsoft Visual Studio Solution File, Format Version 11.00
# Visual Studio 2010
Project("{2150E333-8FDC-42A3-9474-1A3956D46DE8}") = "Solution Items", "Solution Items", "{B0B6DAF3-A24B-456E-AF80-CD346858520F}"
EndProject
Project("{8BC9CEB8-8B4A-11D0-8D11-00A0C91BC942}") = "FractalBlaster.Plugins.AudioOut", "FractalBlaster.Plugins.AudioOut\FractalBlaster.Plugins.AudioOut.vcxproj", "{816E457D-3036-4212-BA8F-D29F60674161}"
EndProject
Project("{FAE04EC0-301F-11D3-BF4B-00C04F79EFBC}") = "FractalBlaster", "FractalBlaster\FractalBlaster.csproj", "{AA6B47A2-E37A-42FE-B520-660FA4E779DD}"
EndProject
Project("{FAE04EC0-301F-11D3-BF4B-00C04F79EFBC}") = "FractalBlaster.Core", "FractalBlaster.Core\FractalBlaster.Core.csproj", "{D57C564F-4ACC-4319-8D20-06285C9283B7}"
EndProject
Project("{FAE04EC0-301F-11D3-BF4B-00C04F79EFBC}") = "FractalBlaster.Engines", "FractalBlaster.Engines\FractalBlaster.Engines.csproj", "{A8C4052F-FDD8-4FE0-BE10-A05D4148544D}"
EndProject
Project("{FAE04EC0-301F-11D3-BF4B-00C04F79EFBC}") = "FractalBlaster.Plugins.Decoder", "FractalBlaster.Plugins.Decoder\FractalBlaster.Plugins.Decoder.csproj", "{5463BEED-E8FF-46D0-B132-2229A126A350}"
EndProject
Project("{FAE04EC0-301F-11D3-BF4B-00C04F79EFBC}") = "FractalBlaster.Plugins.Taglib", "FractalBlaster.Plugins.Taglib\FractalBlaster.Plugins.Taglib.csproj", "{53E477A1-6AE7-4B53-999A-E7A6853F5539}"
EndProject
Global
	GlobalSection(SubversionScc) = preSolution
		Svn-Managed = True
		Manager = AnkhSVN - Subversion Support for Visual Studio
	EndGlobalSection
	GlobalSection(TestCaseManagementSettings) = postSolution
		CategoryFile = FractalBlaster.vsmdi
	EndGlobalSection
	GlobalSection(SolutionConfigurationPlatforms) = preSolution
		Debug|Any CPU = Debug|Any CPU
		Debug|Mixed Platforms = Debug|Mixed Platforms
		Debug|Win32 = Debug|Win32
		Debug|x86 = Debug|x86
		Release|Any CPU = Release|Any CPU
		Release|Mixed Platforms = Release|Mixed Platforms
		Release|Win32 = Release|Win32
		Release|x86 = Release|x86
	EndGlobalSection
	GlobalSection(ProjectConfigurationPlatforms) = postSolution
		{816E457D-3036-4212-BA8F-D29F60674161}.Debug|Any CPU.ActiveCfg = Debug|Win32
		{816E457D-3036-4212-BA8F-D29F60674161}.Debug|Mixed Platforms.ActiveCfg = Debug|Win32
		{816E457D-3036-4212-BA8F-D29F60674161}.Debug|Mixed Platforms.Build.0 = Debug|Win32
		{816E457D-3036-4212-BA8F-D29F60674161}.Debug|Win32.ActiveCfg = Debug|Win32
		{816E457D-3036-4212-BA8F-D29F60674161}.Debug|Win32.Build.0 = Debug|Win32
		{816E457D-3036-4212-BA8F-D29F60674161}.Debug|x86.ActiveCfg = Debug|Win32
		{816E457D-3036-4212-BA8F-D29F60674161}.Release|Any CPU.ActiveCfg = Release|Win32
		{816E457D-3036-4212-BA8F-D29F60674161}.Release|Mixed Platforms.ActiveCfg = Release|Win32
		{816E457D-3036-4212-BA8F-D29F60674161}.Release|Mixed Platforms.Build.0 = Release|Win32
		{816E457D-3036-4212-BA8F-D29F60674161}.Release|Win32.ActiveCfg = Release|Win32
		{816E457D-3036-4212-BA8F-D29F60674161}.Release|Win32.Build.0 = Release|Win32
		{816E457D-3036-4212-BA8F-D29F60674161}.Release|x86.ActiveCfg = Release|Win32
		{AA6B47A2-E37A-42FE-B520-660FA4E779DD}.Debug|Any CPU.ActiveCfg = Debug|x86
		{AA6B47A2-E37A-42FE-B520-660FA4E779DD}.Debug|Mixed Platforms.ActiveCfg = Debug|x86
		{AA6B47A2-E37A-42FE-B520-660FA4E779DD}.Debug|Mixed Platforms.Build.0 = Debug|x86
		{AA6B47A2-E37A-42FE-B520-660FA4E779DD}.Debug|Win32.ActiveCfg = Debug|x86
		{AA6B47A2-E37A-42FE-B520-660FA4E779DD}.Debug|x86.ActiveCfg = Debug|x86
		{AA6B47A2-E37A-42FE-B520-660FA4E779DD}.Debug|x86.Build.0 = Debug|x86
		{AA6B47A2-E37A-42FE-B520-660FA4E779DD}.Release|Any CPU.ActiveCfg = Release|x86
		{AA6B47A2-E37A-42FE-B520-660FA4E779DD}.Release|Mixed Platforms.ActiveCfg = Release|x86
		{AA6B47A2-E37A-42FE-B520-660FA4E779DD}.Release|Mixed Platforms.Build.0 = Release|x86
		{AA6B47A2-E37A-42FE-B520-660FA4E779DD}.Release|Win32.ActiveCfg = Release|x86
		{AA6B47A2-E37A-42FE-B520-660FA4E779DD}.Release|x86.ActiveCfg = Release|x86
		{AA6B47A2-E37A-42FE-B520-660FA4E779DD}.Release|x86.Build.0 = Release|x86
		{D57C564F-4ACC-4319-8D20-06285C9283B7}.Debug|Any CPU.ActiveCfg = Debug|Any CPU
		{D57C564F-4ACC-4319-8D20-06285C9283B7}.Debug|Any CPU.Build.0 = Debug|Any CPU
		{D57C564F-4ACC-4319-8D20-06285C9283B7}.Debug|Mixed Platforms.ActiveCfg = Debug|Any CPU
		{D57C564F-4ACC-4319-8D20-06285C9283B7}.Debug|Mixed Platforms.Build.0 = Debug|Any CPU
		{D57C564F-4ACC-4319-8D20-06285C9283B7}.Debug|Win32.ActiveCfg = Debug|Any CPU
		{D57C564F-4ACC-4319-8D20-06285C9283B7}.Debug|x86.ActiveCfg = Debug|Any CPU
		{D57C564F-4ACC-4319-8D20-06285C9283B7}.Release|Any CPU.ActiveCfg = Release|Any CPU
		{D57C564F-4ACC-4319-8D20-06285C9283B7}.Release|Any CPU.Build.0 = Release|Any CPU
		{D57C564F-4ACC-4319-8D20-06285C9283B7}.Release|Mixed Platforms.ActiveCfg = Release|Any CPU
		{D57C564F-4ACC-4319-8D20-06285C9283B7}.Release|Mixed Platforms.Build.0 = Release|Any CPU
		{D57C564F-4ACC-4319-8D20-06285C9283B7}.Release|Win32.ActiveCfg = Release|Any CPU
		{D57C564F-4ACC-4319-8D20-06285C9283B7}.Release|x86.ActiveCfg = Release|Any CPU
		{A8C4052F-FDD8-4FE0-BE10-A05D4148544D}.Debug|Any CPU.ActiveCfg = Debug|Any CPU
		{A8C4052F-FDD8-4FE0-BE10-A05D4148544D}.Debug|Any CPU.Build.0 = Debug|Any CPU
		{A8C4052F-FDD8-4FE0-BE10-A05D4148544D}.Debug|Mixed Platforms.ActiveCfg = Debug|Any CPU
		{A8C4052F-FDD8-4FE0-BE10-A05D4148544D}.Debug|Mixed Platforms.Build.0 = Debug|Any CPU
		{A8C4052F-FDD8-4FE0-BE10-A05D4148544D}.Debug|Win32.ActiveCfg = Debug|Any CPU
		{A8C4052F-FDD8-4FE0-BE10-A05D4148544D}.Debug|x86.ActiveCfg = Debug|Any CPU
		{A8C4052F-FDD8-4FE0-BE10-A05D4148544D}.Release|Any CPU.ActiveCfg = Release|Any CPU
		{A8C4052F-FDD8-4FE0-BE10-A05D4148544D}.Release|Any CPU.Build.0 = Release|Any CPU
		{A8C4052F-FDD8-4FE0-BE10-A05D4148544D}.Release|Mixed Platforms.ActiveCfg = Release|Any CPU
		{A8C4052F-FDD8-4FE0-BE10-A05D4148544D}.Release|Mixed Platforms.Build.0 = Release|Any CPU
		{A8C4052F-FDD8-4FE0-BE10-A05D4148544D}.Release|Win32.ActiveCfg = Release|Any CPU
		{A8C4052F-FDD8-4FE0-BE10-A05D4148544D}.Release|x86.ActiveCfg = Release|Any CPU
		{5463BEED-E8FF-46D0-B132-2229A126A350}.Debug|Any CPU.ActiveCfg = Debug|x86
		{5463BEED-E8FF-46D0-B132-2229A126A350}.Debug|Mixed Platforms.ActiveCfg = Debug|x86
		{5463BEED-E8FF-46D0-B132-2229A126A350}.Debug|Mixed Platforms.Build.0 = Debug|x86
		{5463BEED-E8FF-46D0-B132-2229A126A350}.Debug|Win32.ActiveCfg = Debug|x86
		{5463BEED-E8FF-46D0-B132-2229A126A350}.Debug|x86.ActiveCfg = Debug|x86
		{5463BEED-E8FF-46D0-B132-2229A126A350}.Debug|x86.Build.0 = Debug|x86
		{5463BEED-E8FF-46D0-B132-2229A126A350}.Release|Any CPU.ActiveCfg = Release|x86
		{5463BEED-E8FF-46D0-B132-2229A126A350}.Release|Mixed Platforms.ActiveCfg = Release|x86
		{5463BEED-E8FF-46D0-B132-2229A126A350}.Release|Mixed Platforms.Build.0 = Release|x86
		{5463BEED-E8FF-46D0-B132-2229A126A350}.Release|Win32.ActiveCfg = Release|x86
		{5463BEED-E8FF-46D0-B132-2229A126A350}.Release|x86.ActiveCfg = Release|x86
		{5463BEED-E8FF-46D0-B132-2229A126A350}.Release|x86.Build.0 = Release|x86
		{53E477A1-6AE7-4B53-999A-E7A6853F5539}.Debug|Any CPU.ActiveCfg = Debug|Any CPU
		{53E477A1-6AE7-4B53-999A-E7A6853F5539}.Debug|Any CPU.Build.0 = Debug|Any CPU
		{53E477A1-6AE7-4B53-999A-E7A6853F5539}.Debug|Mixed Platforms.ActiveCfg = Debug|Any CPU
		{53E477A1-6AE7-4B53-999A-E7A6853F5539}.Debug|Mixed Platforms.Build.0 = Debug|Any CPU
		{53E477A1-6AE7-4B53-999A-E7A6853F5539}.Debug|Win32.ActiveCfg = Debug|Any CPU
		{53E477A1-6AE7-4B53-999A-E7A6853F5539}.Debug|x86.ActiveCfg = Debug|Any CPU
		{53E477A1-6AE7-4B53-999A-E7A6853F5539}.Release|Any CPU.ActiveCfg = Release|Any CPU
		{53E477A1-6AE7-4B53-999A-E7A6853F5539}.Release|Any CPU.Build.0 = Release|Any CPU
		{53E477A1-6AE7-4B53-999A-E7A6853F5539}.Release|Mixed Platforms.ActiveCfg = Release|Any CPU
		{53E477A1-6AE7-4B53-999A-E7A6853F5539}.Release|Mixed Platforms.Build.0 = Release|Any CPU
		{53E477A1-6AE7-4B53-999A-E7A6853F5539}.Release|Win32.ActiveCfg = Release|Any CPU
		{53E477A1-6AE7-4B53-999A-E7A6853F5539}.Release|x86.ActiveCfg = Release|Any CPU
	EndGlobalSection
	GlobalSection(SolutionProperties) = preSolution
		HideSolutionNode = FALSE
	EndGlobalSection
EndGlobal
